
Microsoft Visual Studio Solution File, Format Version 12.00
# Visual Studio Version 17
VisualStudioVersion = 17.13.35818.85 d17.13
MinimumVisualStudioVersion = 10.0.40219.1
Project("{FAE04EC0-301F-11D3-BF4B-00C04F79EFBC}") = "RestaurantManagement", "RestaurantManagement\RestaurantManagement.csproj", "{9BA3419F-3172-47D1-87CC-A62DF011BCF7}"
EndProject
Global
	GlobalSection(SolutionConfigurationPlatforms) = preSolution
		Debug|Any CPU = Debug|Any CPU
		Release|Any CPU = Release|Any CPU
	EndGlobalSection
	GlobalSection(ProjectConfigurationPlatforms) = postSolution
		{9BA3419F-3172-47D1-87CC-A62DF011BCF7}.Debug|Any CPU.ActiveCfg = Debug|Any CPU
		{9BA3419F-3172-47D1-87CC-A62DF011BCF7}.Debug|Any CPU.Build.0 = Debug|Any CPU
		{9BA3419F-3172-47D1-87CC-A62DF011BCF7}.Release|Any CPU.ActiveCfg = Release|Any CPU
		{9BA3419F-3172-47D1-87CC-A62DF011BCF7}.Release|Any CPU.Build.0 = Release|Any CPU
	EndGlobalSection
	GlobalSection(SolutionProperties) = preSolution
		HideSolutionNode = FALSE
	EndGlobalSection
	GlobalSection(ExtensibilityGlobals) = postSolution
		SolutionGuid = {D9C38EA3-3C1F-4A17-B109-1F4E2FA81341}
	EndGlobalSection
EndGlobal
